{
  "pins" : [
    {
      "identity" : "mte-relay-client-ios",
      "kind" : "remoteSourceControl",
      "location" : "https://github.com/Eclypses/mte-relay-client-ios.git",
      "state" : {
        "revision" : "af84c14ba13dc96e6239dbc1f92915c80a61ea8a",
        "version" : "4.6.0"
      }
    }
  ],
  "version" : 2
}
