{
  "originHash" : "283d4ca1a86e7e4bc636f8c19ad30e699f06c8cf084938fc3ebe232d90b66e5b",
  "pins" : [
    {
      "identity" : "eclypses-aws-mte-relay-client-ios",
      "kind" : "remoteSourceControl",
      "location" : "https://github.com/Eclypses/eclypses-aws-mte-relay-client-ios.git",
      "state" : {
        "revision" : "73c3fc4c7184a8dd9c2937d2ea1d0c50c973c50f",
        "version" : "4.3.2"
      }
    }
  ],
  "version" : 3
}
