{
  "pins" : [
    {
      "identity" : "eclypses-aws-mte-relay-client-ios",
      "kind" : "remoteSourceControl",
      "location" : "https://github.com/Eclypses/eclypses-aws-mte-relay-client-ios.git",
      "state" : {
        "revision" : "e975ecedbf623035f2b966fecbf7285e083a5a55",
        "version" : "4.3.2"
      }
    }
  ],
  "version" : 2
}
